// !$*UTF8*$!
{
	archiveVersion = 1;
	classes = {
	};
	objectVersion = 48;
	objects = {

/* Begin PBXBuildFile section */
		2279B83BB610B57529985840 /* libPods-WHCNetWorking.a in Frameworks */ = {isa = PBXBuildFile; fileRef = 40EE470F913B1979518ED01C /* libPods-WHCNetWorking.a */; };
		DBA19F6020170E9E0037FBD7 /* AppDelegate.m in Sources */ = {isa = PBXBuildFile; fileRef = DBA19F5F20170E9E0037FBD7 /* AppDelegate.m */; };
		DBA19F6320170E9E0037FBD7 /* ViewController.m in Sources */ = {isa = PBXBuildFile; fileRef = DBA19F6220170E9E0037FBD7 /* ViewController.m */; };
		DBA19F6620170E9E0037FBD7 /* Main.storyboard in Resources */ = {isa = PBXBuildFile; fileRef = DBA19F6420170E9E0037FBD7 /* Main.storyboard */; };
		DBA19F6820170E9E0037FBD7 /* Assets.xcassets in Resources */ = {isa = PBXBuildFile; fileRef = DBA19F6720170E9E0037FBD7 /* Assets.xcassets */; };
		DBA19F6B20170E9E0037FBD7 /* LaunchScreen.storyboard in Resources */ = {isa = PBXBuildFile; fileRef = DBA19F6920170E9E0037FBD7 /* LaunchScreen.storyboard */; };
		DBA19F6E20170E9E0037FBD7 /* main.m in Sources */ = {isa = PBXBuildFile; fileRef = DBA19F6D20170E9E0037FBD7 /* main.m */; };
		DBA19F7820170E9E0037FBD7 /* WHCNetWorkingTests.m in Sources */ = {isa = PBXBuildFile; fileRef = DBA19F7720170E9E0037FBD7 /* WHCNetWorkingTests.m */; };
		DBA19F8320170E9E0037FBD7 /* WHCNetWorkingUITests.m in Sources */ = {isa = PBXBuildFile; fileRef = DBA19F8220170E9E0037FBD7 /* WHCNetWorkingUITests.m */; };
		DBA19FD5201715AE0037FBD7 /* WHCNetWorkManager.m in Sources */ = {isa = PBXBuildFile; fileRef = DBA19FD3201715AE0037FBD7 /* WHCNetWorkManager.m */; };
/* End PBXBuildFile section */

/* Begin PBXContainerItemProxy section */
		DBA19F7420170E9E0037FBD7 /* PBXContainerItemProxy */ = {
			isa = PBXContainerItemProxy;
			containerPortal = DBA19F5320170E9E0037FBD7 /* Project object */;
			proxyType = 1;
			remoteGlobalIDString = DBA19F5A20170E9E0037FBD7;
			remoteInfo = WHCNetWorking;
		};
		DBA19F7F20170E9E0037FBD7 /* PBXContainerItemProxy */ = {
			isa = PBXContainerItemProxy;
			containerPortal = DBA19F5320170E9E0037FBD7 /* Project object */;
			proxyType = 1;
			remoteGlobalIDString = DBA19F5A20170E9E0037FBD7;
			remoteInfo = WHCNetWorking;
		};
/* End PBXContainerItemProxy section */

/* Begin PBXFileReference section */
		1DC5FEC6D1B7E952214BB285 /* Pods-WHCNetWorking.release.xcconfig */ = {isa = PBXFileReference; includeInIndex = 1; lastKnownFileType = text.xcconfig; name = "Pods-WHCNetWorking.release.xcconfig"; path = "Pods/Target Support Files/Pods-WHCNetWorking/Pods-WHCNetWorking.release.xcconfig"; sourceTree = "<group>"; };
		37DE4D10473A4C336CB86934 /* Pods-WHCNetWorking.debug.xcconfig */ = {isa = PBXFileReference; includeInIndex = 1; lastKnownFileType = text.xcconfig; name = "Pods-WHCNetWorking.debug.xcconfig"; path = "Pods/Target Support Files/Pods-WHCNetWorking/Pods-WHCNetWorking.debug.xcconfig"; sourceTree = "<group>"; };
		40EE470F913B1979518ED01C /* libPods-WHCNetWorking.a */ = {isa = PBXFileReference; explicitFileType = archive.ar; includeInIndex = 0; path = "libPods-WHCNetWorking.a"; sourceTree = BUILT_PRODUCTS_DIR; };
		DBA19F5B20170E9E0037FBD7 /* WHCNetWorking.app */ = {isa = PBXFileReference; explicitFileType = wrapper.application; includeInIndex = 0; path = WHCNetWorking.app; sourceTree = BUILT_PRODUCTS_DIR; };
		DBA19F5E20170E9E0037FBD7 /* AppDelegate.h */ = {isa = PBXFileReference; lastKnownFileType = sourcecode.c.h; path = AppDelegate.h; sourceTree = "<group>"; };
		DBA19F5F20170E9E0037FBD7 /* AppDelegate.m */ = {isa = PBXFileReference; lastKnownFileType = sourcecode.c.objc; path = AppDelegate.m; sourceTree = "<group>"; };
		DBA19F6120170E9E0037FBD7 /* ViewController.h */ = {isa = PBXFileReference; lastKnownFileType = sourcecode.c.h; path = ViewController.h; sourceTree = "<group>"; };
		DBA19F6220170E9E0037FBD7 /* ViewController.m */ = {isa = PBXFileReference; lastKnownFileType = sourcecode.c.objc; path = ViewController.m; sourceTree = "<group>"; };
		DBA19F6520170E9E0037FBD7 /* Base */ = {isa = PBXFileReference; lastKnownFileType = file.storyboard; name = Base; path = Base.lproj/Main.storyboard; sourceTree = "<group>"; };
		DBA19F6720170E9E0037FBD7 /* Assets.xcassets */ = {isa = PBXFileReference; lastKnownFileType = folder.assetcatalog; path = Assets.xcassets; sourceTree = "<group>"; };
		DBA19F6A20170E9E0037FBD7 /* Base */ = {isa = PBXFileReference; lastKnownFileType = file.storyboard; name = Base; path = Base.lproj/LaunchScreen.storyboard; sourceTree = "<group>"; };
		DBA19F6C20170E9E0037FBD7 /* Info.plist */ = {isa = PBXFileReference; lastKnownFileType = text.plist.xml; path = Info.plist; sourceTree = "<group>"; };
		DBA19F6D20170E9E0037FBD7 /* main.m */ = {isa = PBXFileReference; lastKnownFileType = sourcecode.c.objc; path = main.m; sourceTree = "<group>"; };
		DBA19F7320170E9E0037FBD7 /* WHCNetWorkingTests.xctest */ = {isa = PBXFileReference; explicitFileType = wrapper.cfbundle; includeInIndex = 0; path = WHCNetWorkingTests.xctest; sourceTree = BUILT_PRODUCTS_DIR; };
		DBA19F7720170E9E0037FBD7 /* WHCNetWorkingTests.m */ = {isa = PBXFileReference; lastKnownFileType = sourcecode.c.objc; path = WHCNetWorkingTests.m; sourceTree = "<group>"; };
		DBA19F7920170E9E0037FBD7 /* Info.plist */ = {isa = PBXFileReference; lastKnownFileType = text.plist.xml; path = Info.plist; sourceTree = "<group>"; };
		DBA19F7E20170E9E0037FBD7 /* WHCNetWorkingUITests.xctest */ = {isa = PBXFileReference; explicitFileType = wrapper.cfbundle; includeInIndex = 0; path = WHCNetWorkingUITests.xctest; sourceTree = BUILT_PRODUCTS_DIR; };
		DBA19F8220170E9E0037FBD7 /* WHCNetWorkingUITests.m */ = {isa = PBXFileReference; lastKnownFileType = sourcecode.c.objc; path = WHCNetWorkingUITests.m; sourceTree = "<group>"; };
		DBA19F8420170E9E0037FBD7 /* Info.plist */ = {isa = PBXFileReference; lastKnownFileType = text.plist.xml; path = Info.plist; sourceTree = "<group>"; };
		DBA19FD3201715AE0037FBD7 /* WHCNetWorkManager.m */ = {isa = PBXFileReference; fileEncoding = 4; lastKnownFileType = sourcecode.c.objc; path = WHCNetWorkManager.m; sourceTree = "<group>"; };
		DBA19FD4201715AE0037FBD7 /* WHCNetWorkManager.h */ = {isa = PBXFileReference; fileEncoding = 4; lastKnownFileType = sourcecode.c.h; path = WHCNetWorkManager.h; sourceTree = "<group>"; };
/* End PBXFileReference section */

/* Begin PBXFrameworksBuildPhase section */
		DBA19F5820170E9E0037FBD7 /* Frameworks */ = {
			isa = PBXFrameworksBuildPhase;
			buildActionMask = 2147483647;
			files = (
				2279B83BB610B57529985840 /* libPods-WHCNetWorking.a in Frameworks */,
			);
			runOnlyForDeploymentPostprocessing = 0;
		};
		DBA19F7020170E9E0037FBD7 /* Frameworks */ = {
			isa = PBXFrameworksBuildPhase;
			buildActionMask = 2147483647;
			files = (
			);
			runOnlyForDeploymentPostprocessing = 0;
		};
		DBA19F7B20170E9E0037FBD7 /* Frameworks */ = {
			isa = PBXFrameworksBuildPhase;
			buildActionMask = 2147483647;
			files = (
			);
			runOnlyForDeploymentPostprocessing = 0;
		};
/* End PBXFrameworksBuildPhase section */

/* Begin PBXGroup section */
		08FFD2CB27B0819DA624BF63 /* Pods */ = {
			isa = PBXGroup;
			children = (
				37DE4D10473A4C336CB86934 /* Pods-WHCNetWorking.debug.xcconfig */,
				1DC5FEC6D1B7E952214BB285 /* Pods-WHCNetWorking.release.xcconfig */,
			);
			name = Pods;
			sourceTree = "<group>";
		};
		550EFB50476A7CBB94A36CC8 /* Frameworks */ = {
			isa = PBXGroup;
			children = (
				40EE470F913B1979518ED01C /* libPods-WHCNetWorking.a */,
			);
			name = Frameworks;
			sourceTree = "<group>";
		};
		DBA19F5220170E9E0037FBD7 = {
			isa = PBXGroup;
			children = (
				DBA19FD2201715AE0037FBD7 /* WHCNetWorkManager */,
				DBA19F5D20170E9E0037FBD7 /* WHCNetWorking */,
				DBA19F7620170E9E0037FBD7 /* WHCNetWorkingTests */,
				DBA19F8120170E9E0037FBD7 /* WHCNetWorkingUITests */,
				DBA19F5C20170E9E0037FBD7 /* Products */,
				08FFD2CB27B0819DA624BF63 /* Pods */,
				550EFB50476A7CBB94A36CC8 /* Frameworks */,
			);
			sourceTree = "<group>";
		};
		DBA19F5C20170E9E0037FBD7 /* Products */ = {
			isa = PBXGroup;
			children = (
				DBA19F5B20170E9E0037FBD7 /* WHCNetWorking.app */,
				DBA19F7320170E9E0037FBD7 /* WHCNetWorkingTests.xctest */,
				DBA19F7E20170E9E0037FBD7 /* WHCNetWorkingUITests.xctest */,
			);
			name = Products;
			sourceTree = "<group>";
		};
		DBA19F5D20170E9E0037FBD7 /* WHCNetWorking */ = {
			isa = PBXGroup;
			children = (
				DBA19F5E20170E9E0037FBD7 /* AppDelegate.h */,
				DBA19F5F20170E9E0037FBD7 /* AppDelegate.m */,
				DBA19F6120170E9E0037FBD7 /* ViewController.h */,
				DBA19F6220170E9E0037FBD7 /* ViewController.m */,
				DBA19F6420170E9E0037FBD7 /* Main.storyboard */,
				DBA19F6720170E9E0037FBD7 /* Assets.xcassets */,
				DBA19F6920170E9E0037FBD7 /* LaunchScreen.storyboard */,
				DBA19F6C20170E9E0037FBD7 /* Info.plist */,
				DBA19F6D20170E9E0037FBD7 /* main.m */,
			);
			path = WHCNetWorking;
			sourceTree = "<group>";
		};
		DBA19F7620170E9E0037FBD7 /* WHCNetWorkingTests */ = {
			isa = PBXGroup;
			children = (
				DBA19F7720170E9E0037FBD7 /* WHCNetWorkingTests.m */,
				DBA19F7920170E9E0037FBD7 /* Info.plist */,
			);
			path = WHCNetWorkingTests;
			sourceTree = "<group>";
		};
		DBA19F8120170E9E0037FBD7 /* WHCNetWorkingUITests */ = {
			isa = PBXGroup;
			children = (
				DBA19F8220170E9E0037FBD7 /* WHCNetWorkingUITests.m */,
				DBA19F8420170E9E0037FBD7 /* Info.plist */,
			);
			path = WHCNetWorkingUITests;
			sourceTree = "<group>";
		};
		DBA19FD2201715AE0037FBD7 /* WHCNetWorkManager */ = {
			isa = PBXGroup;
			children = (
				DBA19FD3201715AE0037FBD7 /* WHCNetWorkManager.m */,
				DBA19FD4201715AE0037FBD7 /* WHCNetWorkManager.h */,
			);
			path = WHCNetWorkManager;
			sourceTree = "<group>";
		};
/* End PBXGroup section */

/* Begin PBXNativeTarget section */
		DBA19F5A20170E9E0037FBD7 /* WHCNetWorking */ = {
			isa = PBXNativeTarget;
			buildConfigurationList = DBA19F8720170E9E0037FBD7 /* Build configuration list for PBXNativeTarget "WHCNetWorking" */;
			buildPhases = (
				A315E65752DEFA7A5FB32694 /* [CP] Check Pods Manifest.lock */,
				DBA19F5720170E9E0037FBD7 /* Sources */,
				DBA19F5820170E9E0037FBD7 /* Frameworks */,
				DBA19F5920170E9E0037FBD7 /* Resources */,
				94121CDA8C266FEB56AFDA02 /* [CP] Embed Pods Frameworks */,
				BC32297E48C0D82EF9DB957F /* [CP] Copy Pods Resources */,
			);
			buildRules = (
			);
			dependencies = (
			);
			name = WHCNetWorking;
			productName = WHCNetWorking;
			productReference = DBA19F5B20170E9E0037FBD7 /* WHCNetWorking.app */;
			productType = "com.apple.product-type.application";
		};
		DBA19F7220170E9E0037FBD7 /* WHCNetWorkingTests */ = {
			isa = PBXNativeTarget;
			buildConfigurationList = DBA19F8A20170E9E0037FBD7 /* Build configuration list for PBXNativeTarget "WHCNetWorkingTests" */;
			buildPhases = (
				DBA19F6F20170E9E0037FBD7 /* Sources */,
				DBA19F7020170E9E0037FBD7 /* Frameworks */,
				DBA19F7120170E9E0037FBD7 /* Resources */,
			);
			buildRules = (
			);
			dependencies = (
				DBA19F7520170E9E0037FBD7 /* PBXTargetDependency */,
			);
			name = WHCNetWorkingTests;
			productName = WHCNetWorkingTests;
			productReference = DBA19F7320170E9E0037FBD7 /* WHCNetWorkingTests.xctest */;
			productType = "com.apple.product-type.bundle.unit-test";
		};
		DBA19F7D20170E9E0037FBD7 /* WHCNetWorkingUITests */ = {
			isa = PBXNativeTarget;
			buildConfigurationList = DBA19F8D20170E9E0037FBD7 /* Build configuration list for PBXNativeTarget "WHCNetWorkingUITests" */;
			buildPhases = (
				DBA19F7A20170E9E0037FBD7 /* Sources */,
				DBA19F7B20170E9E0037FBD7 /* Frameworks */,
				DBA19F7C20170E9E0037FBD7 /* Resources */,
			);
			buildRules = (
			);
			dependencies = (
				DBA19F8020170E9E0037FBD7 /* PBXTargetDependency */,
			);
			name = WHCNetWorkingUITests;
			productName = WHCNetWorkingUITests;
			productReference = DBA19F7E20170E9E0037FBD7 /* WHCNetWorkingUITests.xctest */;
			productType = "com.apple.product-type.bundle.ui-testing";
		};
/* End PBXNativeTarget section */

/* Begin PBXProject section */
		DBA19F5320170E9E0037FBD7 /* Project object */ = {
			isa = PBXProject;
			attributes = {
				LastUpgradeCheck = 0920;
				ORGANIZATIONNAME = WHC;
				TargetAttributes = {
					DBA19F5A20170E9E0037FBD7 = {
						CreatedOnToolsVersion = 9.2;
						ProvisioningStyle = Automatic;
					};
					DBA19F7220170E9E0037FBD7 = {
						CreatedOnToolsVersion = 9.2;
						ProvisioningStyle = Automatic;
						TestTargetID = DBA19F5A20170E9E0037FBD7;
					};
					DBA19F7D20170E9E0037FBD7 = {
						CreatedOnToolsVersion = 9.2;
						ProvisioningStyle = Automatic;
						TestTargetID = DBA19F5A20170E9E0037FBD7;
					};
				};
			};
			buildConfigurationList = DBA19F5620170E9E0037FBD7 /* Build configuration list for PBXProject "WHCNetWorking" */;
			compatibilityVersion = "Xcode 8.0";
			developmentRegion = en;
			hasScannedForEncodings = 0;
			knownRegions = (
				en,
				Base,
			);
			mainGroup = DBA19F5220170E9E0037FBD7;
			productRefGroup = DBA19F5C20170E9E0037FBD7 /* Products */;
			projectDirPath = "";
			projectRoot = "";
			targets = (
				DBA19F5A20170E9E0037FBD7 /* WHCNetWorking */,
				DBA19F7220170E9E0037FBD7 /* WHCNetWorkingTests */,
				DBA19F7D20170E9E0037FBD7 /* WHCNetWorkingUITests */,
			);
		};
/* End PBXProject section */

/* Begin PBXResourcesBuildPhase section */
		DBA19F5920170E9E0037FBD7 /* Resources */ = {
			isa = PBXResourcesBuildPhase;
			buildActionMask = 2147483647;
			files = (
				DBA19F6B20170E9E0037FBD7 /* LaunchScreen.storyboard in Resources */,
				DBA19F6820170E9E0037FBD7 /* Assets.xcassets in Resources */,
				DBA19F6620170E9E0037FBD7 /* Main.storyboard in Resources */,
			);
			runOnlyForDeploymentPostprocessing = 0;
		};
		DBA19F7120170E9E0037FBD7 /* Resources */ = {
			isa = PBXResourcesBuildPhase;
			buildActionMask = 2147483647;
			files = (
			);
			runOnlyForDeploymentPostprocessing = 0;
		};
		DBA19F7C20170E9E0037FBD7 /* Resources */ = {
			isa = PBXResourcesBuildPhase;
			buildActionMask = 2147483647;
			files = (
			);
			runOnlyForDeploymentPostprocessing = 0;
		};
/* End PBXResourcesBuildPhase section */

/* Begin PBXShellScriptBuildPhase section */
		94121CDA8C266FEB56AFDA02 /* [CP] Embed Pods Frameworks */ = {
			isa = PBXShellScriptBuildPhase;
			buildActionMask = 2147483647;
			files = (
			);
			inputPaths = (
			);
			name = "[CP] Embed Pods Frameworks";
			outputPaths = (
			);
			runOnlyForDeploymentPostprocessing = 0;
			shellPath = /bin/sh;
			shellScript = "\"${SRCROOT}/Pods/Target Support Files/Pods-WHCNetWorking/Pods-WHCNetWorking-frameworks.sh\"\n";
			showEnvVarsInLog = 0;
		};
		A315E65752DEFA7A5FB32694 /* [CP] Check Pods Manifest.lock */ = {
			isa = PBXShellScriptBuildPhase;
			buildActionMask = 2147483647;
			files = (
			);
			inputPaths = (
				"${PODS_PODFILE_DIR_PATH}/Podfile.lock",
				"${PODS_ROOT}/Manifest.lock",
			);
			name = "[CP] Check Pods Manifest.lock";
			outputPaths = (
				"$(DERIVED_FILE_DIR)/Pods-WHCNetWorking-checkManifestLockResult.txt",
			);
			runOnlyForDeploymentPostprocessing = 0;
			shellPath = /bin/sh;
			shellScript = "diff \"${PODS_PODFILE_DIR_PATH}/Podfile.lock\" \"${PODS_ROOT}/Manifest.lock\" > /dev/null\nif [ $? != 0 ] ; then\n    # print error to STDERR\n    echo \"error: The sandbox is not in sync with the Podfile.lock. Run 'pod install' or update your CocoaPods installation.\" >&2\n    exit 1\nfi\n# This output is used by Xcode 'outputs' to avoid re-running this script phase.\necho \"SUCCESS\" > \"${SCRIPT_OUTPUT_FILE_0}\"\n";
			showEnvVarsInLog = 0;
		};
		BC32297E48C0D82EF9DB957F /* [CP] Copy Pods Resources */ = {
			isa = PBXShellScriptBuildPhase;
			buildActionMask = 2147483647;
			files = (
			);
			inputPaths = (
			);
			name = "[CP] Copy Pods Resources";
			outputPaths = (
			);
			runOnlyForDeploymentPostprocessing = 0;
			shellPath = /bin/sh;
			shellScript = "\"${SRCROOT}/Pods/Target Support Files/Pods-WHCNetWorking/Pods-WHCNetWorking-resources.sh\"\n";
			showEnvVarsInLog = 0;
		};
/* End PBXShellScriptBuildPhase section */

/* Begin PBXSourcesBuildPhase section */
		DBA19F5720170E9E0037FBD7 /* Sources */ = {
			isa = PBXSourcesBuildPhase;
			buildActionMask = 2147483647;
			files = (
				DBA19F6320170E9E0037FBD7 /* ViewController.m in Sources */,
				DBA19FD5201715AE0037FBD7 /* WHCNetWorkManager.m in Sources */,
				DBA19F6E20170E9E0037FBD7 /* main.m in Sources */,
				DBA19F6020170E9E0037FBD7 /* AppDelegate.m in Sources */,
			);
			runOnlyForDeploymentPostprocessing = 0;
		};
		DBA19F6F20170E9E0037FBD7 /* Sources */ = {
			isa = PBXSourcesBuildPhase;
			buildActionMask = 2147483647;
			files = (
				DBA19F7820170E9E0037FBD7 /* WHCNetWorkingTests.m in Sources */,
			);
			runOnlyForDeploymentPostprocessing = 0;
		};
		DBA19F7A20170E9E0037FBD7 /* Sources */ = {
			isa = PBXSourcesBuildPhase;
			buildActionMask = 2147483647;
			files = (
				DBA19F8320170E9E0037FBD7 /* WHCNetWorkingUITests.m in Sources */,
			);
			runOnlyForDeploymentPostprocessing = 0;
		};
/* End PBXSourcesBuildPhase section */

/* Begin PBXTargetDependency section */
		DBA19F7520170E9E0037FBD7 /* PBXTargetDependency */ = {
			isa = PBXTargetDependency;
			target = DBA19F5A20170E9E0037FBD7 /* WHCNetWorking */;
			targetProxy = DBA19F7420170E9E0037FBD7 /* PBXContainerItemProxy */;
		};
		DBA19F8020170E9E0037FBD7 /* PBXTargetDependency */ = {
			isa = PBXTargetDependency;
			target = DBA19F5A20170E9E0037FBD7 /* WHCNetWorking */;
			targetProxy = DBA19F7F20170E9E0037FBD7 /* PBXContainerItemProxy */;
		};
/* End PBXTargetDependency section */

/* Begin PBXVariantGroup section */
		DBA19F6420170E9E0037FBD7 /* Main.storyboard */ = {
			isa = PBXVariantGroup;
			children = (
				DBA19F6520170E9E0037FBD7 /* Base */,
			);
			name = Main.storyboard;
			sourceTree = "<group>";
		};
		DBA19F6920170E9E0037FBD7 /* LaunchScreen.storyboard */ = {
			isa = PBXVariantGroup;
			children = (
				DBA19F6A20170E9E0037FBD7 /* Base */,
			);
			name = LaunchScreen.storyboard;
			sourceTree = "<group>";
		};
/* End PBXVariantGroup section */

/* Begin XCBuildConfiguration section */
		DBA19F8520170E9E0037FBD7 /* Debug */ = {
			isa = XCBuildConfiguration;
			buildSettings = {
				ALWAYS_SEARCH_USER_PATHS = NO;
				CLANG_ANALYZER_NONNULL = YES;
				CLANG_ANALYZER_NUMBER_OBJECT_CONVERSION = YES_AGGRESSIVE;
				CLANG_CXX_LANGUAGE_STANDARD = "gnu++14";
				CLANG_CXX_LIBRARY = "libc++";
				CLANG_ENABLE_MODULES = YES;
				CLANG_ENABLE_OBJC_ARC = YES;
				CLANG_WARN_BLOCK_CAPTURE_AUTORELEASING = YES;
				CLANG_WARN_BOOL_CONVERSION = YES;
				CLANG_WARN_COMMA = YES;
				CLANG_WARN_CONSTANT_CONVERSION = YES;
				CLANG_WARN_DIRECT_OBJC_ISA_USAGE = YES_ERROR;
				CLANG_WARN_DOCUMENTATION_COMMENTS = YES;
				CLANG_WARN_EMPTY_BODY = YES;
				CLANG_WARN_ENUM_CONVERSION = YES;
				CLANG_WARN_INFINITE_RECURSION = YES;
				CLANG_WARN_INT_CONVERSION = YES;
				CLANG_WARN_NON_LITERAL_NULL_CONVERSION = YES;
				CLANG_WARN_OBJC_LITERAL_CONVERSION = YES;
				CLANG_WARN_OBJC_ROOT_CLASS = YES_ERROR;
				CLANG_WARN_RANGE_LOOP_ANALYSIS = YES;
				CLANG_WARN_STRICT_PROTOTYPES = YES;
				CLANG_WARN_SUSPICIOUS_MOVE = YES;
				CLANG_WARN_UNGUARDED_AVAILABILITY = YES_AGGRESSIVE;
				CLANG_WARN_UNREACHABLE_CODE = YES;
				CLANG_WARN__DUPLICATE_METHOD_MATCH = YES;
				CODE_SIGN_IDENTITY = "iPhone Developer";
				COPY_PHASE_STRIP = NO;
				DEBUG_INFORMATION_FORMAT = dwarf;
				ENABLE_STRICT_OBJC_MSGSEND = YES;
				ENABLE_TESTABILITY = YES;
				GCC_C_LANGUAGE_STANDARD = gnu11;
				GCC_DYNAMIC_NO_PIC = NO;
				GCC_NO_COMMON_BLOCKS = YES;
				GCC_OPTIMIZATION_LEVEL = 0;
				GCC_PREPROCESSOR_DEFINITIONS = (
					"DEBUG=1",
					"$(inherited)",
				);
				GCC_WARN_64_TO_32_BIT_CONVERSION = YES;
				GCC_WARN_ABOUT_RETURN_TYPE = YES_ERROR;
				GCC_WARN_UNDECLARED_SELECTOR = YES;
				GCC_WARN_UNINITIALIZED_AUTOS = YES_AGGRESSIVE;
				GCC_WARN_UNUSED_FUNCTION = YES;
				GCC_WARN_UNUSED_VARIABLE = YES;
				IPHONEOS_DEPLOYMENT_TARGET = 11.2;
				MTL_ENABLE_DEBUG_INFO = YES;
				ONLY_ACTIVE_ARCH = YES;
				SDKROOT = iphoneos;
			};
			name = Debug;
		};
		DBA19F8620170E9E0037FBD7 /* Release */ = {
			isa = XCBuildConfiguration;
			buildSettings = {
				ALWAYS_SEARCH_USER_PATHS = NO;
				CLANG_ANALYZER_NONNULL = YES;
				CLANG_ANALYZER_NUMBER_OBJECT_CONVERSION = YES_AGGRESSIVE;
				CLANG_CXX_LANGUAGE_STANDARD = "gnu++14";
				CLANG_CXX_LIBRARY = "libc++";
				CLANG_ENABLE_MODULES = YES;
				CLANG_ENABLE_OBJC_ARC = YES;
				CLANG_WARN_BLOCK_CAPTURE_AUTORELEASING = YES;
				CLANG_WARN_BOOL_CONVERSION = YES;
				CLANG_WARN_COMMA = YES;
				CLANG_WARN_CONSTANT_CONVERSION = YES;
				CLANG_WARN_DIRECT_OBJC_ISA_USAGE = YES_ERROR;
				CLANG_WARN_DOCUMENTATION_COMMENTS = YES;
				CLANG_WARN_EMPTY_BODY = YES;
				CLANG_WARN_ENUM_CONVERSION = YES;
				CLANG_WARN_INFINITE_RECURSION = YES;
				CLANG_WARN_INT_CONVERSION = YES;
				CLANG_WARN_NON_LITERAL_NULL_CONVERSION = YES;
				CLANG_WARN_OBJC_LITERAL_CONVERSION = YES;
				CLANG_WARN_OBJC_ROOT_CLASS = YES_ERROR;
				CLANG_WARN_RANGE_LOOP_ANALYSIS = YES;
				CLANG_WARN_STRICT_PROTOTYPES = YES;
				CLANG_WARN_SUSPICIOUS_MOVE = YES;
				CLANG_WARN_UNGUARDED_AVAILABILITY = YES_AGGRESSIVE;
				CLANG_WARN_UNREACHABLE_CODE = YES;
				CLANG_WARN__DUPLICATE_METHOD_MATCH = YES;
				CODE_SIGN_IDENTITY = "iPhone Developer";
				COPY_PHASE_STRIP = NO;
				DEBUG_INFORMATION_FORMAT = "dwarf-with-dsym";
				ENABLE_NS_ASSERTIONS = NO;
				ENABLE_STRICT_OBJC_MSGSEND = YES;
				GCC_C_LANGUAGE_STANDARD = gnu11;
				GCC_NO_COMMON_BLOCKS = YES;
				GCC_WARN_64_TO_32_BIT_CONVERSION = YES;
				GCC_WARN_ABOUT_RETURN_TYPE = YES_ERROR;
				GCC_WARN_UNDECLARED_SELECTOR = YES;
				GCC_WARN_UNINITIALIZED_AUTOS = YES_AGGRESSIVE;
				GCC_WARN_UNUSED_FUNCTION = YES;
				GCC_WARN_UNUSED_VARIABLE = YES;
				IPHONEOS_DEPLOYMENT_TARGET = 11.2;
				MTL_ENABLE_DEBUG_INFO = NO;
				SDKROOT = iphoneos;
				VALIDATE_PRODUCT = YES;
			};
			name = Release;
		};
		DBA19F8820170E9E0037FBD7 /* Debug */ = {
			isa = XCBuildConfiguration;
			baseConfigurationReference = 37DE4D10473A4C336CB86934 /* Pods-WHCNetWorking.debug.xcconfig */;
			buildSettings = {
				ASSETCATALOG_COMPILER_APPICON_NAME = AppIcon;
				CODE_SIGN_STYLE = Automatic;
				INFOPLIST_FILE = WHCNetWorking/Info.plist;
				LD_RUNPATH_SEARCH_PATHS = "$(inherited) @executable_path/Frameworks";
				PRODUCT_BUNDLE_IDENTIFIER = com.WHCNetWorking;
				PRODUCT_NAME = "$(TARGET_NAME)";
				TARGETED_DEVICE_FAMILY = "1,2";
			};
			name = Debug;
		};
		DBA19F8920170E9E0037FBD7 /* Release */ = {
			isa = XCBuildConfiguration;
			baseConfigurationReference = 1DC5FEC6D1B7E952214BB285 /* Pods-WHCNetWorking.release.xcconfig */;
			buildSettings = {
				ASSETCATALOG_COMPILER_APPICON_NAME = AppIcon;
				CODE_SIGN_STYLE = Automatic;
				INFOPLIST_FILE = WHCNetWorking/Info.plist;
				LD_RUNPATH_SEARCH_PATHS = "$(inherited) @executable_path/Frameworks";
				PRODUCT_BUNDLE_IDENTIFIER = com.WHCNetWorking;
				PRODUCT_NAME = "$(TARGET_NAME)";
				TARGETED_DEVICE_FAMILY = "1,2";
			};
			name = Release;
		};
		DBA19F8B20170E9E0037FBD7 /* Debug */ = {
			isa = XCBuildConfiguration;
			buildSettings = {
				BUNDLE_LOADER = "$(TEST_HOST)";
				CODE_SIGN_STYLE = Automatic;
				INFOPLIST_FILE = WHCNetWorkingTests/Info.plist;
				LD_RUNPATH_SEARCH_PATHS = "$(inherited) @executable_path/Frameworks @loader_path/Frameworks";
				PRODUCT_BUNDLE_IDENTIFIER = com..WHCNetWorkingTests;
				PRODUCT_NAME = "$(TARGET_NAME)";
				TARGETED_DEVICE_FAMILY = "1,2";
				TEST_HOST = "$(BUILT_PRODUCTS_DIR)/WHCNetWorking.app/WHCNetWorking";
			};
			name = Debug;
		};
		DBA19F8C20170E9E0037FBD7 /* Release */ = {
			isa = XCBuildConfiguration;
			buildSettings = {
				BUNDLE_LOADER = "$(TEST_HOST)";
				CODE_SIGN_STYLE = Automatic;
				INFOPLIST_FILE = WHCNetWorkingTests/Info.plist;
				LD_RUNPATH_SEARCH_PATHS = "$(inherited) @executable_path/Frameworks @loader_path/Frameworks";
				PRODUCT_BUNDLE_IDENTIFIER = com..WHCNetWorkingTests;
				PRODUCT_NAME = "$(TARGET_NAME)";
				TARGETED_DEVICE_FAMILY = "1,2";
				TEST_HOST = "$(BUILT_PRODUCTS_DIR)/WHCNetWorking.app/WHCNetWorking";
			};
			name = Release;
		};
		DBA19F8E20170E9E0037FBD7 /* Debug */ = {
			isa = XCBuildConfiguration;
			buildSettings = {
				CODE_SIGN_STYLE = Automatic;
				INFOPLIST_FILE = WHCNetWorkingUITests/Info.plist;
				LD_RUNPATH_SEARCH_PATHS = "$(inherited) @executable_path/Frameworks @loader_path/Frameworks";
				PRODUCT_BUNDLE_IDENTIFIER = com..WHCNetWorkingUITests;
				PRODUCT_NAME = "$(TARGET_NAME)";
				TARGETED_DEVICE_FAMILY = "1,2";
				TEST_TARGET_NAME = WHCNetWorking;
			};
			name = Debug;
		};
		DBA19F8F20170E9E0037FBD7 /* Release */ = {
			isa = XCBuildConfiguration;
			buildSettings = {
				CODE_SIGN_STYLE = Automatic;
				INFOPLIST_FILE = WHCNetWorkingUITests/Info.plist;
				LD_RUNPATH_SEARCH_PATHS = "$(inherited) @executable_path/Frameworks @loader_path/Frameworks";
				PRODUCT_BUNDLE_IDENTIFIER = com..WHCNetWorkingUITests;
				PRODUCT_NAME = "$(TARGET_NAME)";
				TARGETED_DEVICE_FAMILY = "1,2";
				TEST_TARGET_NAME = WHCNetWorking;
			};
			name = Release;
		};
/* End XCBuildConfiguration section */

/* Begin XCConfigurationList section */
		DBA19F5620170E9E0037FBD7 /* Build configuration list for PBXProject "WHCNetWorking" */ = {
			isa = XCConfigurationList;
			buildConfigurations = (
				DBA19F8520170E9E0037FBD7 /* Debug */,
				DBA19F8620170E9E0037FBD7 /* Release */,
			);
			defaultConfigurationIsVisible = 0;
			defaultConfigurationName = Release;
		};
		DBA19F8720170E9E0037FBD7 /* Build configuration list for PBXNativeTarget "WHCNetWorking" */ = {
			isa = XCConfigurationList;
			buildConfigurations = (
				DBA19F8820170E9E0037FBD7 /* Debug */,
				DBA19F8920170E9E0037FBD7 /* Release */,
			);
			defaultConfigurationIsVisible = 0;
			defaultConfigurationName = Release;
		};
		DBA19F8A20170E9E0037FBD7 /* Build configuration list for PBXNativeTarget "WHCNetWorkingTests" */ = {
			isa = XCConfigurationList;
			buildConfigurations = (
				DBA19F8B20170E9E0037FBD7 /* Debug */,
				DBA19F8C20170E9E0037FBD7 /* Release */,
			);
			defaultConfigurationIsVisible = 0;
			defaultConfigurationName = Release;
		};
		DBA19F8D20170E9E0037FBD7 /* Build configuration list for PBXNativeTarget "WHCNetWorkingUITests" */ = {
			isa = XCConfigurationList;
			buildConfigurations = (
				DBA19F8E20170E9E0037FBD7 /* Debug */,
				DBA19F8F20170E9E0037FBD7 /* Release */,
			);
			defaultConfigurationIsVisible = 0;
			defaultConfigurationName = Release;
		};
/* End XCConfigurationList section */
	};
	rootObject = DBA19F5320170E9E0037FBD7 /* Project object */;
}
